
Microsoft Visual Studio Solution File, Format Version 12.00
# Visual Studio Version 17
VisualStudioVersion = 17.5.002.0
MinimumVisualStudioVersion = 10.0.40219.1
Project("{9A19103F-16F7-4668-BE54-9A1E7A4F7556}") = "sillicon", "sillicon.csproj", "{7DDC755F-813E-4F0C-9CA8-1B0B05C1ADF0}"
EndProject
Global
	GlobalSection(SolutionConfigurationPlatforms) = preSolution
		Debug|Any CPU = Debug|Any CPU
		Release|Any CPU = Release|Any CPU
	EndGlobalSection
	GlobalSection(ProjectConfigurationPlatforms) = postSolution
		{7DDC755F-813E-4F0C-9CA8-1B0B05C1ADF0}.Debug|Any CPU.ActiveCfg = Debug|Any CPU
		{7DDC755F-813E-4F0C-9CA8-1B0B05C1ADF0}.Debug|Any CPU.Build.0 = Debug|Any CPU
		{7DDC755F-813E-4F0C-9CA8-1B0B05C1ADF0}.Release|Any CPU.ActiveCfg = Release|Any CPU
		{7DDC755F-813E-4F0C-9CA8-1B0B05C1ADF0}.Release|Any CPU.Build.0 = Release|Any CPU
	EndGlobalSection
	GlobalSection(SolutionProperties) = preSolution
		HideSolutionNode = FALSE
	EndGlobalSection
	GlobalSection(ExtensibilityGlobals) = postSolution
		SolutionGuid = {496935AE-60C1-4A0A-9C16-2FA50A1F86BE}
	EndGlobalSection
EndGlobal
